PODS:
  - Alamofire (4.8.2)
  - IQKeyboardManagerSwift (6.2.0)
  - Moya/Core (13.0.1):
    - Alamofire (~> 4.1)
    - Result (~> 4.1)
  - Moya/RxSwift (13.0.1):
    - Moya/Core
    - RxSwift (~> 4.0)
  - ObjcExceptionBridging (1.0.1):
    - ObjcExceptionBridging/ObjcExceptionBridging (= 1.0.1)
  - ObjcExceptionBridging/ObjcExceptionBridging (1.0.1)
  - ObjectMapper (3.5.1)
  - Result (4.1.0)
  - RxSwift (4.5.0)
  - SDWebImage (4.4.2):
    - SDWebImage/Core (= 4.4.2)
  - SDWebImage/Core (4.4.2)
  - SwiftyUserDefaults (3.0.1)
  - XCGLogger (7.0.0):
    - XCGLogger/Core (= 7.0.0)
  - XCGLogger/Core (7.0.0):
    - ObjcExceptionBridging

DEPENDENCIES:
  - IQKeyboardManagerSwift
  - Moya/RxSwift (~> 13.0)
  - ObjectMapper (~> 3.5)
  - SDWebImage
  - SwiftyUserDefaults
  - XCGLogger (~> 7.0)

SPEC REPOS:
  https://github.com/cocoapods/specs.git:
    - Alamofire
    - IQKeyboardManagerSwift
    - Moya
    - ObjcExceptionBridging
    - ObjectMapper
    - Result
    - RxSwift
    - SDWebImage
    - SwiftyUserDefaults
    - XCGLogger

SPEC CHECKSUMS:
  Alamofire: ae5c501addb7afdbb13687d7f2f722c78734c2d3
  IQKeyboardManagerSwift: b07ccf9d8cafe993dcd6cb794eb4ba34611a0c4e
  Moya: f4a4b80ff2f8a4ffc208dfb31cd91636622fee6e
  ObjcExceptionBridging: c30e00eb3700467e695faeea30e26e18bd445001
  ObjectMapper: 70187b8941977c62ccfb423caf6b50be405cabf0
  Result: bd966fac789cc6c1563440b348ab2598cc24d5c7
  RxSwift: f172070dfd1a93d70a9ab97a5a01166206e1c575
  SDWebImage: 624d6e296c69b244bcede364c72ae0430ac14681
  SwiftyUserDefaults: 3d273b1739b68ada3145dc754a70ec775bc5c8be
  XCGLogger: 0434f15e3909cdc450bb63faf638b8792ab782ab

PODFILE CHECKSUM: ceb4caaf2eb57a756b6168e8dc19ec80745c0ace

COCOAPODS: 1.6.1
